
Microsoft Visual Studio Solution File, Format Version 12.00
# Visual Studio Version 17
VisualStudioVersion = 17.14.36429.23 d17.14
MinimumVisualStudioVersion = 10.0.40219.1
Project("{FAE04EC0-301F-11D3-BF4B-00C04F79EFBC}") = "AlekseevaDZ6", "AlekseevaDZ6\AlekseevaDZ6.csproj", "{40FED688-354B-4A42-A295-DD71DCA3B1F3}"
EndProject
Global
	GlobalSection(SolutionConfigurationPlatforms) = preSolution
		Debug|Any CPU = Debug|Any CPU
		Release|Any CPU = Release|Any CPU
	EndGlobalSection
	GlobalSection(ProjectConfigurationPlatforms) = postSolution
		{40FED688-354B-4A42-A295-DD71DCA3B1F3}.Debug|Any CPU.ActiveCfg = Debug|Any CPU
		{40FED688-354B-4A42-A295-DD71DCA3B1F3}.Debug|Any CPU.Build.0 = Debug|Any CPU
		{40FED688-354B-4A42-A295-DD71DCA3B1F3}.Release|Any CPU.ActiveCfg = Release|Any CPU
		{40FED688-354B-4A42-A295-DD71DCA3B1F3}.Release|Any CPU.Build.0 = Release|Any CPU
	EndGlobalSection
	GlobalSection(SolutionProperties) = preSolution
		HideSolutionNode = FALSE
	EndGlobalSection
	GlobalSection(ExtensibilityGlobals) = postSolution
		SolutionGuid = {566A27B3-E53D-44A2-81AE-4A588701E5BD}
	EndGlobalSection
EndGlobal
