Microsoft Visual Studio Solution File, Format Version 12.00
# Visual Studio Version 17
VisualStudioVersion = 17.5.2.0
MinimumVisualStudioVersion = 10.0.40219.1
Project("{FAE04EC0-301F-11D3-BF4B-00C04F79EFBC}") = "AlekseevaDZ6", "AlekseevaDZ6.csproj", "{23C8BE82-351D-7D7E-2773-88BD7B12C235}"
EndProject
Global
	GlobalSection(SolutionConfigurationPlatforms) = preSolution
		Debug|Any CPU = Debug|Any CPU
		Release|Any CPU = Release|Any CPU
	EndGlobalSection
	GlobalSection(ProjectConfigurationPlatforms) = postSolution
		{23C8BE82-351D-7D7E-2773-88BD7B12C235}.Debug|Any CPU.ActiveCfg = Debug|Any CPU
		{23C8BE82-351D-7D7E-2773-88BD7B12C235}.Debug|Any CPU.Build.0 = Debug|Any CPU
		{23C8BE82-351D-7D7E-2773-88BD7B12C235}.Release|Any CPU.ActiveCfg = Release|Any CPU
		{23C8BE82-351D-7D7E-2773-88BD7B12C235}.Release|Any CPU.Build.0 = Release|Any CPU
	EndGlobalSection
	GlobalSection(SolutionProperties) = preSolution
		HideSolutionNode = FALSE
	EndGlobalSection
	GlobalSection(ExtensibilityGlobals) = postSolution
		SolutionGuid = {62D71B99-F684-4250-AF14-602A1C1DB014}
	EndGlobalSection
EndGlobal
